
Microsoft Visual Studio Solution File, Format Version 12.00
# Visual Studio Version 17
VisualStudioVersion = 17.7.34031.279
MinimumVisualStudioVersion = 10.0.40219.1
Project("{FAE04EC0-301F-11D3-BF4B-00C04F79EFBC}") = "BackPropagation", "BackPropagation.csproj", "{37D11EE1-BAC0-49B7-9498-0B100C12DB05}"
EndProject
Global
	GlobalSection(SolutionConfigurationPlatforms) = preSolution
		Debug|Any CPU = Debug|Any CPU
		Release|Any CPU = Release|Any CPU
	EndGlobalSection
	GlobalSection(ProjectConfigurationPlatforms) = postSolution
		{37D11EE1-BAC0-49B7-9498-0B100C12DB05}.Debug|Any CPU.ActiveCfg = Debug|Any CPU
		{37D11EE1-BAC0-49B7-9498-0B100C12DB05}.Debug|Any CPU.Build.0 = Debug|Any CPU
		{37D11EE1-BAC0-49B7-9498-0B100C12DB05}.Release|Any CPU.ActiveCfg = Release|Any CPU
		{37D11EE1-BAC0-49B7-9498-0B100C12DB05}.Release|Any CPU.Build.0 = Release|Any CPU
	EndGlobalSection
	GlobalSection(SolutionProperties) = preSolution
		HideSolutionNode = FALSE
	EndGlobalSection
	GlobalSection(ExtensibilityGlobals) = postSolution
		SolutionGuid = {28FF7A82-5FB8-4324-814E-B172BD8D8AC0}
	EndGlobalSection
EndGlobal
